{
  "name": "vscode-plugin-swimming",
  "version": "1.1.1",
  "lockfileVersion": 1,
  "requires": true,
  "dependencies": {
    "@types/node": {
      "version": "14.0.5",
      "resolved": "https://registry.npmjs.org/@types/node/-/node-14.0.5.tgz",
      "integrity": "sha512-90hiq6/VqtQgX8Sp0EzeIsv3r+ellbGj4URKj5j30tLlZvRUpnAe9YbYnjl3pJM93GyXU0tghHhvXHq+5rnCKA==",
      "dev": true
    },
    "@types/vscode": {
      "version": "1.45.1",
      "resolved": "https://registry.npmjs.org/@types/vscode/-/vscode-1.45.1.tgz",
      "integrity": "sha512-0NO9qrrEJBO8FsqHCrFMgR2suKnwCsKBWvRSb2OzH5gs4i3QO5AhEMQYrSzDbU/wLPt7N617/rN9lPY213gmwg==",
      "dev": true
    },
    "@vscode/vsce": {
      "version": "2.19.0",
      "resolved": "http://artifactory.intra.xiaojukeji.com/artifactory/api/npm/npm/@vscode/vsce/-/vsce-2.19.0.tgz?dl=https%3A%2F%2Fregistry.npmmirror.com%2F%40vscode%2Fvsce%2F-%2Fvsce-2.19.0.tgz",
      "integrity": "sha1-NCIlZigRJFvEDYVWNtAAFHw5SxE=",
      "dev": true,
      "requires": {
        "azure-devops-node-api": "^11.0.1",
        "chalk": "^2.4.2",
        "cheerio": "^1.0.0-rc.9",
        "commander": "^6.1.0",
        "glob": "^7.0.6",
        "hosted-git-info": "^4.0.2",
        "jsonc-parser": "^3.2.0",
        "keytar": "^7.7.0",
        "leven": "^3.1.0",
        "markdown-it": "^12.3.2",
        "mime": "^1.3.4",
        "minimatch": "^3.0.3",
        "parse-semver": "^1.1.1",
        "read": "^1.0.7",
        "semver": "^5.1.0",
        "tmp": "^0.2.1",
        "typed-rest-client": "^1.8.4",
        "url-join": "^4.0.1",
        "xml2js": "^0.5.0",
        "yauzl": "^2.3.1",
        "yazl": "^2.2.2"
      }
    },
    "ansi-styles": {
      "version": "3.2.1",
      "resolved": "http://artifactory.intra.xiaojukeji.com/artifactory/api/npm/npm/ansi-styles/-/ansi-styles-3.2.1.tgz?dl=https%3A%2F%2Fregistry.npmmirror.com%2Fansi-styles%2F-%2Fansi-styles-3.2.1.tgz",
      "integrity": "sha1-QfuyAkPlCxK+DwS43tvwdSDOhB0=",
      "dev": true,
      "requires": {
        "color-convert": "^1.9.0"
      }
    },
    "argparse": {
      "version": "2.0.1",
      "resolved": "http://artifactory.intra.xiaojukeji.com/artifactory/api/npm/npm/argparse/-/argparse-2.0.1.tgz?dl=https%3A%2F%2Fregistry.npmmirror.com%2Fargparse%2F-%2Fargparse-2.0.1.tgz",
      "integrity": "sha1-JG9Q88p4oyQPbJl+ipvR6sSeSzg=",
      "dev": true
    },
    "azure-devops-node-api": {
      "version": "11.2.0",
      "resolved": "http://artifactory.intra.xiaojukeji.com/artifactory/api/npm/npm/azure-devops-node-api/-/azure-devops-node-api-11.2.0.tgz?dl=https%3A%2F%2Fregistry.npmmirror.com%2Fazure-devops-node-api%2F-%2Fazure-devops-node-api-11.2.0.tgz",
      "integrity": "sha1-vwTtvvYDExF6BQdBXu1HkKQgrWs=",
      "dev": true,
      "requires": {
        "tunnel": "0.0.6",
        "typed-rest-client": "^1.8.4"
      }
    },
    "balanced-match": {
      "version": "1.0.2",
      "resolved": "http://artifactory.intra.xiaojukeji.com/artifactory/api/npm/npm/balanced-match/-/balanced-match-1.0.2.tgz?dl=https%3A%2F%2Fregistry.npmmirror.com%2Fbalanced-match%2F-%2Fbalanced-match-1.0.2.tgz",
      "integrity": "sha1-6D46fj8wCzTLnYf2FfoMvzV2kO4=",
      "dev": true
    },
    "base64-js": {
      "version": "1.5.1",
      "resolved": "http://artifactory.intra.xiaojukeji.com/artifactory/api/npm/npm/base64-js/-/base64-js-1.5.1.tgz?dl=https%3A%2F%2Fregistry.npmmirror.com%2Fbase64-js%2F-%2Fbase64-js-1.5.1.tgz",
      "integrity": "sha1-GxtEAWClv3rUC2UPCVljSBkDkwo=",
      "dev": true,
      "optional": true
    },
    "bl": {
      "version": "4.1.0",
      "resolved": "http://artifactory.intra.xiaojukeji.com/artifactory/api/npm/npm/bl/-/bl-4.1.0.tgz?dl=https%3A%2F%2Fregistry.npmmirror.com%2Fbl%2F-%2Fbl-4.1.0.tgz",
      "integrity": "sha1-RRU1JkGCvsL7vIOmKrmM8R2fezo=",
      "dev": true,
      "optional": true,
      "requires": {
        "buffer": "^5.5.0",
        "inherits": "^2.0.4",
        "readable-stream": "^3.4.0"
      }
    },
    "boolbase": {
      "version": "1.0.0",
      "resolved": "http://artifactory.intra.xiaojukeji.com/artifactory/api/npm/npm/boolbase/-/boolbase-1.0.0.tgz?dl=https%3A%2F%2Fregistry.npmmirror.com%2Fboolbase%2F-%2Fboolbase-1.0.0.tgz",
      "integrity": "sha1-aN/1++YMUes3cl6p4+0xDcwed24=",
      "dev": true
    },
    "brace-expansion": {
      "version": "1.1.11",
      "resolved": "http://artifactory.intra.xiaojukeji.com/artifactory/api/npm/npm/brace-expansion/-/brace-expansion-1.1.11.tgz?dl=https%3A%2F%2Fregistry.npmmirror.com%2Fbrace-expansion%2F-%2Fbrace-expansion-1.1.11.tgz",
      "integrity": "sha1-PH/L9SnYcibz0vUrlm/1Jx60Qd0=",
      "dev": true,
      "requires": {
        "balanced-match": "^1.0.0",
        "concat-map": "0.0.1"
      }
    },
    "buffer": {
      "version": "5.7.1",
      "resolved": "http://artifactory.intra.xiaojukeji.com/artifactory/api/npm/npm/buffer/-/buffer-5.7.1.tgz?dl=https%3A%2F%2Fregistry.npmmirror.com%2Fbuffer%2F-%2Fbuffer-5.7.1.tgz",
      "integrity": "sha1-umLnwTEzBTWCGXFghRqPZI6Z7tA=",
      "dev": true,
      "optional": true,
      "requires": {
        "base64-js": "^1.3.1",
        "ieee754": "^1.1.13"
      }
    },
    "buffer-crc32": {
      "version": "0.2.13",
      "resolved": "http://artifactory.intra.xiaojukeji.com/artifactory/api/npm/npm/buffer-crc32/-/buffer-crc32-0.2.13.tgz?dl=https%3A%2F%2Fregistry.npmmirror.com%2Fbuffer-crc32%2F-%2Fbuffer-crc32-0.2.13.tgz",
      "integrity": "sha1-DTM+PwDqxQqhRUq9MO+MKl2ackI=",
      "dev": true
    },
    "call-bind": {
      "version": "1.0.2",
      "resolved": "http://artifactory.intra.xiaojukeji.com/artifactory/api/npm/npm/call-bind/-/call-bind-1.0.2.tgz?dl=https%3A%2F%2Fregistry.npmmirror.com%2Fcall-bind%2F-%2Fcall-bind-1.0.2.tgz",
      "integrity": "sha1-sdTonmiBGcPJqQOtMKuy9qkZvjw=",
      "dev": true,
      "requires": {
        "function-bind": "^1.1.1",
        "get-intrinsic": "^1.0.2"
      }
    },
    "chalk": {
      "version": "2.4.2",
      "resolved": "http://artifactory.intra.xiaojukeji.com/artifactory/api/npm/npm/chalk/-/chalk-2.4.2.tgz?dl=https%3A%2F%2Fregistry.npmmirror.com%2Fchalk%2F-%2Fchalk-2.4.2.tgz",
      "integrity": "sha1-zUJUFnelQzPPVBpJEIwUMrRMlCQ=",
      "dev": true,
      "requires": {
        "ansi-styles": "^3.2.1",
        "escape-string-regexp": "^1.0.5",
        "supports-color": "^5.3.0"
      }
    },
    "cheerio": {
      "version": "1.0.0-rc.12",
      "resolved": "http://artifactory.intra.xiaojukeji.com/artifactory/api/npm/npm/cheerio/-/cheerio-1.0.0-rc.12.tgz?dl=https%3A%2F%2Fregistry.npmmirror.com%2Fcheerio%2F-%2Fcheerio-1.0.0-rc.12.tgz",
      "integrity": "sha1-eIv3RmUGsca/X65R0kosTWLkdoM=",
      "dev": true,
      "requires": {
        "cheerio-select": "^2.1.0",
        "dom-serializer": "^2.0.0",
        "domhandler": "^5.0.3",
        "domutils": "^3.0.1",
        "htmlparser2": "^8.0.1",
        "parse5": "^7.0.0",
        "parse5-htmlparser2-tree-adapter": "^7.0.0"
      }
    },
    "cheerio-select": {
      "version": "2.1.0",
      "resolved": "http://artifactory.intra.xiaojukeji.com/artifactory/api/npm/npm/cheerio-select/-/cheerio-select-2.1.0.tgz?dl=https%3A%2F%2Fregistry.npmmirror.com%2Fcheerio-select%2F-%2Fcheerio-select-2.1.0.tgz",
      "integrity": "sha1-TYZzKGuBJsoqjkJ0DV48SISuIbQ=",
      "dev": true,
      "requires": {
        "boolbase": "^1.0.0",
        "css-select": "^5.1.0",
        "css-what": "^6.1.0",
        "domelementtype": "^2.3.0",
        "domhandler": "^5.0.3",
        "domutils": "^3.0.1"
      }
    },
    "chownr": {
      "version": "1.1.4",
      "resolved": "http://artifactory.intra.xiaojukeji.com/artifactory/api/npm/npm/chownr/-/chownr-1.1.4.tgz?dl=https%3A%2F%2Fregistry.npmmirror.com%2Fchownr%2F-%2Fchownr-1.1.4.tgz",
      "integrity": "sha1-b8nXtC0ypYNZYzdmbn0ICE2izGs=",
      "dev": true,
      "optional": true
    },
    "color-convert": {
      "version": "1.9.3",
      "resolved": "http://artifactory.intra.xiaojukeji.com/artifactory/api/npm/npm/color-convert/-/color-convert-1.9.3.tgz?dl=https%3A%2F%2Fregistry.npmmirror.com%2Fcolor-convert%2F-%2Fcolor-convert-1.9.3.tgz",
      "integrity": "sha1-u3GFBpDh8TZWfeYp0tVHHe2kweg=",
      "dev": true,
      "requires": {
        "color-name": "1.1.3"
      }
    },
    "color-name": {
      "version": "1.1.3",
      "resolved": "http://artifactory.intra.xiaojukeji.com/artifactory/api/npm/npm/color-name/-/color-name-1.1.3.tgz?dl=https%3A%2F%2Fregistry.npmmirror.com%2Fcolor-name%2F-%2Fcolor-name-1.1.3.tgz",
      "integrity": "sha1-p9BVi9icQveV3UIyj3QIMcpTvCU=",
      "dev": true
    },
    "commander": {
      "version": "6.2.1",
      "resolved": "http://artifactory.intra.xiaojukeji.com/artifactory/api/npm/npm/commander/-/commander-6.2.1.tgz?dl=https%3A%2F%2Fregistry.npmmirror.com%2Fcommander%2F-%2Fcommander-6.2.1.tgz",
      "integrity": "sha1-B5LraC37wyWZm7K4T93duhEKxzw=",
      "dev": true
    },
    "concat-map": {
      "version": "0.0.1",
      "resolved": "http://artifactory.intra.xiaojukeji.com/artifactory/api/npm/npm/concat-map/-/concat-map-0.0.1.tgz?dl=https%3A%2F%2Fregistry.npmmirror.com%2Fconcat-map%2F-%2Fconcat-map-0.0.1.tgz",
      "integrity": "sha1-2Klr13/Wjfd5OnMDajug1UBdR3s=",
      "dev": true
    },
    "css-select": {
      "version": "5.1.0",
      "resolved": "http://artifactory.intra.xiaojukeji.com/artifactory/api/npm/npm/css-select/-/css-select-5.1.0.tgz?dl=https%3A%2F%2Fregistry.npmmirror.com%2Fcss-select%2F-%2Fcss-select-5.1.0.tgz",
      "integrity": "sha1-uOvWVUw2N8zHZoiAStP2pv2uqKY=",
      "dev": true,
      "requires": {
        "boolbase": "^1.0.0",
        "css-what": "^6.1.0",
        "domhandler": "^5.0.2",
        "domutils": "^3.0.1",
        "nth-check": "^2.0.1"
      }
    },
    "css-what": {
      "version": "6.1.0",
      "resolved": "http://artifactory.intra.xiaojukeji.com/artifactory/api/npm/npm/css-what/-/css-what-6.1.0.tgz?dl=https%3A%2F%2Fregistry.npmmirror.com%2Fcss-what%2F-%2Fcss-what-6.1.0.tgz",
      "integrity": "sha1-+17/z3bx3eosgb36pN5E55uscPQ=",
      "dev": true
    },
    "decompress-response": {
      "version": "6.0.0",
      "resolved": "http://artifactory.intra.xiaojukeji.com/artifactory/api/npm/npm/decompress-response/-/decompress-response-6.0.0.tgz?dl=https%3A%2F%2Fregistry.npmmirror.com%2Fdecompress-response%2F-%2Fdecompress-response-6.0.0.tgz",
      "integrity": "sha1-yjh2Et234QS9FthaqwDV7PCcZvw=",
      "dev": true,
      "optional": true,
      "requires": {
        "mimic-response": "^3.1.0"
      }
    },
    "deep-extend": {
      "version": "0.6.0",
      "resolved": "http://artifactory.intra.xiaojukeji.com/artifactory/api/npm/npm/deep-extend/-/deep-extend-0.6.0.tgz?dl=https%3A%2F%2Fregistry.npmmirror.com%2Fdeep-extend%2F-%2Fdeep-extend-0.6.0.tgz",
      "integrity": "sha1-xPp8lUBKF6nD6Mp+FTcxK3NjMKw=",
      "dev": true,
      "optional": true
    },
    "detect-libc": {
      "version": "2.0.1",
      "resolved": "http://artifactory.intra.xiaojukeji.com/artifactory/api/npm/npm/detect-libc/-/detect-libc-2.0.1.tgz?dl=https%3A%2F%2Fregistry.npmmirror.com%2Fdetect-libc%2F-%2Fdetect-libc-2.0.1.tgz",
      "integrity": "sha1-4Yl6qI+mrRl4YpN/vARB7zUu4M0=",
      "dev": true,
      "optional": true
    },
    "dom-serializer": {
      "version": "2.0.0",
      "resolved": "http://artifactory.intra.xiaojukeji.com/artifactory/api/npm/npm/dom-serializer/-/dom-serializer-2.0.0.tgz?dl=https%3A%2F%2Fregistry.npmmirror.com%2Fdom-serializer%2F-%2Fdom-serializer-2.0.0.tgz",
      "integrity": "sha1-5BuALh7t+fbK4YPOXmIteJ19jlM=",
      "dev": true,
      "requires": {
        "domelementtype": "^2.3.0",
        "domhandler": "^5.0.2",
        "entities": "^4.2.0"
      }
    },
    "domelementtype": {
      "version": "2.3.0",
      "resolved": "http://artifactory.intra.xiaojukeji.com/artifactory/api/npm/npm/domelementtype/-/domelementtype-2.3.0.tgz?dl=https%3A%2F%2Fregistry.npmmirror.com%2Fdomelementtype%2F-%2Fdomelementtype-2.3.0.tgz",
      "integrity": "sha1-XEXo6GmVJiYzHXqrMm0B2vZdWJ0=",
      "dev": true
    },
    "domhandler": {
      "version": "5.0.3",
      "resolved": "http://artifactory.intra.xiaojukeji.com/artifactory/api/npm/npm/domhandler/-/domhandler-5.0.3.tgz?dl=https%3A%2F%2Fregistry.npmmirror.com%2Fdomhandler%2F-%2Fdomhandler-5.0.3.tgz",
      "integrity": "sha1-zDhff3UfHR/GUMITdIBCVFOMfTE=",
      "dev": true,
      "requires": {
        "domelementtype": "^2.3.0"
      }
    },
    "domutils": {
      "version": "3.0.1",
      "resolved": "http://artifactory.intra.xiaojukeji.com/artifactory/api/npm/npm/domutils/-/domutils-3.0.1.tgz?dl=https%3A%2F%2Fregistry.npmmirror.com%2Fdomutils%2F-%2Fdomutils-3.0.1.tgz",
      "integrity": "sha1-aWs4dSODOMsYa2wGEr1JAciaTxw=",
      "dev": true,
      "requires": {
        "dom-serializer": "^2.0.0",
        "domelementtype": "^2.3.0",
        "domhandler": "^5.0.1"
      }
    },
    "end-of-stream": {
      "version": "1.4.4",
      "resolved": "http://artifactory.intra.xiaojukeji.com/artifactory/api/npm/npm/end-of-stream/-/end-of-stream-1.4.4.tgz?dl=https%3A%2F%2Fregistry.npmmirror.com%2Fend-of-stream%2F-%2Fend-of-stream-1.4.4.tgz",
      "integrity": "sha1-WuZKX0UFe682JuwU2gyl5LJDHrA=",
      "dev": true,
      "optional": true,
      "requires": {
        "once": "^1.4.0"
      }
    },
    "entities": {
      "version": "4.5.0",
      "resolved": "http://artifactory.intra.xiaojukeji.com/artifactory/api/npm/npm/entities/-/entities-4.5.0.tgz?dl=https%3A%2F%2Fregistry.npmmirror.com%2Fentities%2F-%2Fentities-4.5.0.tgz",
      "integrity": "sha1-XSaOpecRPsdMTQM7eepaNaSI+0g=",
      "dev": true
    },
    "escape-string-regexp": {
      "version": "1.0.5",
      "resolved": "http://artifactory.intra.xiaojukeji.com/artifactory/api/npm/npm/escape-string-regexp/-/escape-string-regexp-1.0.5.tgz?dl=https%3A%2F%2Fregistry.npmmirror.com%2Fescape-string-regexp%2F-%2Fescape-string-regexp-1.0.5.tgz",
      "integrity": "sha1-G2HAViGQqN/2rjuyzwIAyhMLhtQ=",
      "dev": true
    },
    "expand-template": {
      "version": "2.0.3",
      "resolved": "http://artifactory.intra.xiaojukeji.com/artifactory/api/npm/npm/expand-template/-/expand-template-2.0.3.tgz?dl=https%3A%2F%2Fregistry.npmmirror.com%2Fexpand-template%2F-%2Fexpand-template-2.0.3.tgz",
      "integrity": "sha1-bhSz/O4POmNA7LV9LokYaSBSpHw=",
      "dev": true,
      "optional": true
    },
    "fd-slicer": {
      "version": "1.1.0",
      "resolved": "http://artifactory.intra.xiaojukeji.com/artifactory/api/npm/npm/fd-slicer/-/fd-slicer-1.1.0.tgz?dl=https%3A%2F%2Fregistry.npmmirror.com%2Ffd-slicer%2F-%2Ffd-slicer-1.1.0.tgz",
      "integrity": "sha1-JcfInLH5B3+IkbvmHY85Dq4lbx4=",
      "dev": true,
      "requires": {
        "pend": "~1.2.0"
      }
    },
    "fs-constants": {
      "version": "1.0.0",
      "resolved": "http://artifactory.intra.xiaojukeji.com/artifactory/api/npm/npm/fs-constants/-/fs-constants-1.0.0.tgz?dl=https%3A%2F%2Fregistry.npmmirror.com%2Ffs-constants%2F-%2Ffs-constants-1.0.0.tgz",
      "integrity": "sha1-a+Dem+mYzhavivwkSXue6bfM2a0=",
      "dev": true,
      "optional": true
    },
    "fs.realpath": {
      "version": "1.0.0",
      "resolved": "http://artifactory.intra.xiaojukeji.com/artifactory/api/npm/npm/fs.realpath/-/fs.realpath-1.0.0.tgz?dl=https%3A%2F%2Fregistry.npmmirror.com%2Ffs.realpath%2F-%2Ffs.realpath-1.0.0.tgz",
      "integrity": "sha1-FQStJSMVjKpA20onh8sBQRmU6k8=",
      "dev": true
    },
    "function-bind": {
      "version": "1.1.1",
      "resolved": "http://artifactory.intra.xiaojukeji.com/artifactory/api/npm/npm/function-bind/-/function-bind-1.1.1.tgz?dl=https%3A%2F%2Fregistry.npmmirror.com%2Ffunction-bind%2F-%2Ffunction-bind-1.1.1.tgz",
      "integrity": "sha1-pWiZ0+o8m6uHS7l3O3xe3pL0iV0=",
      "dev": true
    },
    "get-intrinsic": {
      "version": "1.2.0",
      "resolved": "http://artifactory.intra.xiaojukeji.com/artifactory/api/npm/npm/get-intrinsic/-/get-intrinsic-1.2.0.tgz?dl=https%3A%2F%2Fregistry.npmmirror.com%2Fget-intrinsic%2F-%2Fget-intrinsic-1.2.0.tgz",
      "integrity": "sha1-etHcBTXzopBLugdXcnY+UFH20F8=",
      "dev": true,
      "requires": {
        "function-bind": "^1.1.1",
        "has": "^1.0.3",
        "has-symbols": "^1.0.3"
      }
    },
    "github-from-package": {
      "version": "0.0.0",
      "resolved": "http://artifactory.intra.xiaojukeji.com/artifactory/api/npm/npm/github-from-package/-/github-from-package-0.0.0.tgz?dl=https%3A%2F%2Fregistry.npmmirror.com%2Fgithub-from-package%2F-%2Fgithub-from-package-0.0.0.tgz",
      "integrity": "sha1-l/tdlr/eiXMxPyDoKI75oWf6ZM4=",
      "dev": true,
      "optional": true
    },
    "glob": {
      "version": "7.2.3",
      "resolved": "http://artifactory.intra.xiaojukeji.com/artifactory/api/npm/npm/glob/-/glob-7.2.3.tgz?dl=https%3A%2F%2Fregistry.npmmirror.com%2Fglob%2F-%2Fglob-7.2.3.tgz",
      "integrity": "sha1-uN8PuAK7+o6JvR2Ti04WV47UTys=",
      "dev": true,
      "requires": {
        "fs.realpath": "^1.0.0",
        "inflight": "^1.0.4",
        "inherits": "2",
        "minimatch": "^3.1.1",
        "once": "^1.3.0",
        "path-is-absolute": "^1.0.0"
      }
    },
    "has": {
      "version": "1.0.3",
      "resolved": "http://artifactory.intra.xiaojukeji.com/artifactory/api/npm/npm/has/-/has-1.0.3.tgz?dl=https%3A%2F%2Fregistry.npmmirror.com%2Fhas%2F-%2Fhas-1.0.3.tgz",
      "integrity": "sha1-ci18v8H2qoJB8W3YFOAR4fQeh5Y=",
      "dev": true,
      "requires": {
        "function-bind": "^1.1.1"
      }
    },
    "has-flag": {
      "version": "3.0.0",
      "resolved": "http://artifactory.intra.xiaojukeji.com/artifactory/api/npm/npm/has-flag/-/has-flag-3.0.0.tgz?dl=https%3A%2F%2Fregistry.npmmirror.com%2Fhas-flag%2F-%2Fhas-flag-3.0.0.tgz",
      "integrity": "sha1-tdRU3CGZriJWmfNGfloH87lVuv0=",
      "dev": true
    },
    "has-symbols": {
      "version": "1.0.3",
      "resolved": "http://artifactory.intra.xiaojukeji.com/artifactory/api/npm/npm/has-symbols/-/has-symbols-1.0.3.tgz?dl=https%3A%2F%2Fregistry.npmmirror.com%2Fhas-symbols%2F-%2Fhas-symbols-1.0.3.tgz",
      "integrity": "sha1-u3ssQ0klHc6HsSX3vfh0qnyLOfg=",
      "dev": true
    },
    "hosted-git-info": {
      "version": "4.1.0",
      "resolved": "http://artifactory.intra.xiaojukeji.com/artifactory/api/npm/npm/hosted-git-info/-/hosted-git-info-4.1.0.tgz?dl=https%3A%2F%2Fregistry.npmmirror.com%2Fhosted-git-info%2F-%2Fhosted-git-info-4.1.0.tgz",
      "integrity": "sha1-gnuChn6f8cjQxNnVOIA5fSyG0iQ=",
      "dev": true,
      "requires": {
        "lru-cache": "^6.0.0"
      }
    },
    "htmlparser2": {
      "version": "8.0.2",
      "resolved": "http://artifactory.intra.xiaojukeji.com/artifactory/api/npm/npm/htmlparser2/-/htmlparser2-8.0.2.tgz?dl=https%3A%2F%2Fregistry.npmmirror.com%2Fhtmlparser2%2F-%2Fhtmlparser2-8.0.2.tgz",
      "integrity": "sha1-8AIVFwWzg+YkM7XPRm9bcW7a7CE=",
      "dev": true,
      "requires": {
        "domelementtype": "^2.3.0",
        "domhandler": "^5.0.3",
        "domutils": "^3.0.1",
        "entities": "^4.4.0"
      }
    },
    "ieee754": {
      "version": "1.2.1",
      "resolved": "http://artifactory.intra.xiaojukeji.com/artifactory/api/npm/npm/ieee754/-/ieee754-1.2.1.tgz?dl=https%3A%2F%2Fregistry.npmmirror.com%2Fieee754%2F-%2Fieee754-1.2.1.tgz",
      "integrity": "sha1-jrehCmP/8l0VpXsAFYbRd9Gw01I=",
      "dev": true,
      "optional": true
    },
    "inflight": {
      "version": "1.0.6",
      "resolved": "http://artifactory.intra.xiaojukeji.com/artifactory/api/npm/npm/inflight/-/inflight-1.0.6.tgz?dl=https%3A%2F%2Fregistry.npmmirror.com%2Finflight%2F-%2Finflight-1.0.6.tgz",
      "integrity": "sha1-Sb1jMdfQLQwJvJEKEHW6gWW1bfk=",
      "dev": true,
      "requires": {
        "once": "^1.3.0",
        "wrappy": "1"
      }
    },
    "inherits": {
      "version": "2.0.4",
      "resolved": "http://artifactory.intra.xiaojukeji.com/artifactory/api/npm/npm/inherits/-/inherits-2.0.4.tgz?dl=https%3A%2F%2Fregistry.npmmirror.com%2Finherits%2F-%2Finherits-2.0.4.tgz",
      "integrity": "sha1-D6LGT5MpF8NDOg3tVTY6rjdBa3w=",
      "dev": true
    },
    "ini": {
      "version": "1.3.8",
      "resolved": "http://artifactory.intra.xiaojukeji.com/artifactory/api/npm/npm/ini/-/ini-1.3.8.tgz?dl=https%3A%2F%2Fregistry.npmmirror.com%2Fini%2F-%2Fini-1.3.8.tgz",
      "integrity": "sha1-op2kJbSIBvNHZ6Tvzjlyaa8oQyw=",
      "dev": true,
      "optional": true
    },
    "jsonc-parser": {
      "version": "3.2.0",
      "resolved": "http://artifactory.intra.xiaojukeji.com/artifactory/api/npm/npm/jsonc-parser/-/jsonc-parser-3.2.0.tgz?dl=https%3A%2F%2Fregistry.npmmirror.com%2Fjsonc-parser%2F-%2Fjsonc-parser-3.2.0.tgz",
      "integrity": "sha1-Mf8/TCuXk/icZyEmJ8UcY5T4jnY=",
      "dev": true
    },
    "keytar": {
      "version": "7.9.0",
      "resolved": "http://artifactory.intra.xiaojukeji.com/artifactory/api/npm/npm/keytar/-/keytar-7.9.0.tgz?dl=https%3A%2F%2Fregistry.npmmirror.com%2Fkeytar%2F-%2Fkeytar-7.9.0.tgz",
      "integrity": "sha1-TGIlcI9RtQy/d8Wq6BchlkwpGMs=",
      "dev": true,
      "optional": true,
      "requires": {
        "node-addon-api": "^4.3.0",
        "prebuild-install": "^7.0.1"
      }
    },
    "leven": {
      "version": "3.1.0",
      "resolved": "http://artifactory.intra.xiaojukeji.com/artifactory/api/npm/npm/leven/-/leven-3.1.0.tgz?dl=https%3A%2F%2Fregistry.npmmirror.com%2Fleven%2F-%2Fleven-3.1.0.tgz",
      "integrity": "sha1-d4kd6DQGTMy6gq54QrtrFKE+1/I=",
      "dev": true
    },
    "linkify-it": {
      "version": "3.0.3",
      "resolved": "http://artifactory.intra.xiaojukeji.com/artifactory/api/npm/npm/linkify-it/-/linkify-it-3.0.3.tgz?dl=https%3A%2F%2Fregistry.npmmirror.com%2Flinkify-it%2F-%2Flinkify-it-3.0.3.tgz",
      "integrity": "sha1-qYuvRM5FpVDvtNScdp0HUkzC+i4=",
      "dev": true,
      "requires": {
        "uc.micro": "^1.0.1"
      }
    },
    "lru-cache": {
      "version": "6.0.0",
      "resolved": "http://artifactory.intra.xiaojukeji.com/artifactory/api/npm/npm/lru-cache/-/lru-cache-6.0.0.tgz?dl=https%3A%2F%2Fregistry.npmmirror.com%2Flru-cache%2F-%2Flru-cache-6.0.0.tgz",
      "integrity": "sha1-bW/mVw69lqr5D8rR2vo7JWbbOpQ=",
      "dev": true,
      "requires": {
        "yallist": "^4.0.0"
      }
    },
    "markdown-it": {
      "version": "12.3.2",
      "resolved": "http://artifactory.intra.xiaojukeji.com/artifactory/api/npm/npm/markdown-it/-/markdown-it-12.3.2.tgz?dl=https%3A%2F%2Fregistry.npmmirror.com%2Fmarkdown-it%2F-%2Fmarkdown-it-12.3.2.tgz",
      "integrity": "sha1-v5Kskig/6YP+Tej/ir+1rXLNDJA=",
      "dev": true,
      "requires": {
        "argparse": "^2.0.1",
        "entities": "~2.1.0",
        "linkify-it": "^3.0.1",
        "mdurl": "^1.0.1",
        "uc.micro": "^1.0.5"
      },
      "dependencies": {
        "entities": {
          "version": "2.1.0",
          "resolved": "http://artifactory.intra.xiaojukeji.com/artifactory/api/npm/npm/entities/-/entities-2.1.0.tgz?dl=https%3A%2F%2Fregistry.npmmirror.com%2Fentities%2F-%2Fentities-2.1.0.tgz",
          "integrity": "sha1-mS0xKc999ocLlsV4WMJJoSD4uLU=",
          "dev": true
        }
      }
    },
    "mdurl": {
      "version": "1.0.1",
      "resolved": "http://artifactory.intra.xiaojukeji.com/artifactory/api/npm/npm/mdurl/-/mdurl-1.0.1.tgz?dl=https%3A%2F%2Fregistry.npmmirror.com%2Fmdurl%2F-%2Fmdurl-1.0.1.tgz",
      "integrity": "sha1-/oWy7HWlkDfyrf7BAP1sYBdhFS4=",
      "dev": true
    },
    "mime": {
      "version": "1.6.0",
      "resolved": "http://artifactory.intra.xiaojukeji.com/artifactory/api/npm/npm/mime/-/mime-1.6.0.tgz?dl=https%3A%2F%2Fregistry.npmmirror.com%2Fmime%2F-%2Fmime-1.6.0.tgz",
      "integrity": "sha1-Ms2eXGRVO9WNGaVor0Uqz/BJgbE=",
      "dev": true
    },
    "mimic-response": {
      "version": "3.1.0",
      "resolved": "http://artifactory.intra.xiaojukeji.com/artifactory/api/npm/npm/mimic-response/-/mimic-response-3.1.0.tgz?dl=https%3A%2F%2Fregistry.npmmirror.com%2Fmimic-response%2F-%2Fmimic-response-3.1.0.tgz",
      "integrity": "sha1-LR1Zr5wbEpgVrMwsRqAipc4fo8k=",
      "dev": true,
      "optional": true
    },
    "minimatch": {
      "version": "3.1.2",
      "resolved": "http://artifactory.intra.xiaojukeji.com/artifactory/api/npm/npm/minimatch/-/minimatch-3.1.2.tgz?dl=https%3A%2F%2Fregistry.npmmirror.com%2Fminimatch%2F-%2Fminimatch-3.1.2.tgz",
      "integrity": "sha1-Gc0ZS/0+Qo8EmnCBfAONiatL41s=",
      "dev": true,
      "requires": {
        "brace-expansion": "^1.1.7"
      }
    },
    "minimist": {
      "version": "1.2.8",
      "resolved": "http://artifactory.intra.xiaojukeji.com/artifactory/api/npm/npm/minimist/-/minimist-1.2.8.tgz?dl=https%3A%2F%2Fregistry.npmmirror.com%2Fminimist%2F-%2Fminimist-1.2.8.tgz",
      "integrity": "sha1-waRk52kzAuCCoHXO4MBXdBrEdyw=",
      "dev": true,
      "optional": true
    },
    "mkdirp-classic": {
      "version": "0.5.3",
      "resolved": "http://artifactory.intra.xiaojukeji.com/artifactory/api/npm/npm/mkdirp-classic/-/mkdirp-classic-0.5.3.tgz?dl=https%3A%2F%2Fregistry.npmmirror.com%2Fmkdirp-classic%2F-%2Fmkdirp-classic-0.5.3.tgz",
      "integrity": "sha1-+hDJEVzG2IZb4iG6R+6b7XhgERM=",
      "dev": true,
      "optional": true
    },
    "mute-stream": {
      "version": "0.0.8",
      "resolved": "http://artifactory.intra.xiaojukeji.com/artifactory/api/npm/npm/mute-stream/-/mute-stream-0.0.8.tgz?dl=https%3A%2F%2Fregistry.npmmirror.com%2Fmute-stream%2F-%2Fmute-stream-0.0.8.tgz",
      "integrity": "sha1-FjDEKyJR/4HiooPelqVJfqkuXg0=",
      "dev": true
    },
    "napi-build-utils": {
      "version": "1.0.2",
      "resolved": "http://artifactory.intra.xiaojukeji.com/artifactory/api/npm/npm/napi-build-utils/-/napi-build-utils-1.0.2.tgz?dl=https%3A%2F%2Fregistry.npmmirror.com%2Fnapi-build-utils%2F-%2Fnapi-build-utils-1.0.2.tgz",
      "integrity": "sha1-sf3cCyxG44Cgt6dvmE3UfEGhOAY=",
      "dev": true,
      "optional": true
    },
    "node-abi": {
      "version": "3.35.0",
      "resolved": "http://artifactory.intra.xiaojukeji.com/artifactory/api/npm/npm/node-abi/-/node-abi-3.35.0.tgz?dl=https%3A%2F%2Fregistry.npmmirror.com%2Fnode-abi%2F-%2Fnode-abi-3.35.0.tgz",
      "integrity": "sha1-x/Fxr5lcxShvqVYSxMqXs5EOqnk=",
      "dev": true,
      "optional": true,
      "requires": {
        "semver": "^7.3.5"
      },
      "dependencies": {
        "semver": {
          "version": "7.5.0",
          "resolved": "http://artifactory.intra.xiaojukeji.com/artifactory/api/npm/npm/semver/-/semver-7.5.0.tgz?dl=https%3A%2F%2Fregistry.npmmirror.com%2Fsemver%2F-%2Fsemver-7.5.0.tgz",
          "integrity": "sha1-7YxdyO+2xinIiyPUHcm/QMHZbNA=",
          "dev": true,
          "optional": true,
          "requires": {
            "lru-cache": "^6.0.0"
          }
        }
      }
    },
    "node-addon-api": {
      "version": "4.3.0",
      "resolved": "http://artifactory.intra.xiaojukeji.com/artifactory/api/npm/npm/node-addon-api/-/node-addon-api-4.3.0.tgz?dl=https%3A%2F%2Fregistry.npmmirror.com%2Fnode-addon-api%2F-%2Fnode-addon-api-4.3.0.tgz",
      "integrity": "sha1-UqGgtHUZPgko6Y4EJqDRJUeCt38=",
      "dev": true,
      "optional": true
    },
    "nth-check": {
      "version": "2.1.1",
      "resolved": "http://artifactory.intra.xiaojukeji.com/artifactory/api/npm/npm/nth-check/-/nth-check-2.1.1.tgz?dl=https%3A%2F%2Fregistry.npmmirror.com%2Fnth-check%2F-%2Fnth-check-2.1.1.tgz",
      "integrity": "sha1-yeq0KO/842zWuSySS9sADvHx7R0=",
      "dev": true,
      "requires": {
        "boolbase": "^1.0.0"
      }
    },
    "object-inspect": {
      "version": "1.12.3",
      "resolved": "http://artifactory.intra.xiaojukeji.com/artifactory/api/npm/npm/object-inspect/-/object-inspect-1.12.3.tgz?dl=https%3A%2F%2Fregistry.npmmirror.com%2Fobject-inspect%2F-%2Fobject-inspect-1.12.3.tgz",
      "integrity": "sha1-umLf/WfuJWyMCG365p4BbNHxmLk=",
      "dev": true
    },
    "once": {
      "version": "1.4.0",
      "resolved": "http://artifactory.intra.xiaojukeji.com/artifactory/api/npm/npm/once/-/once-1.4.0.tgz?dl=https%3A%2F%2Fregistry.npmmirror.com%2Fonce%2F-%2Fonce-1.4.0.tgz",
      "integrity": "sha1-WDsap3WWHUsROsF9nFC6753Xa9E=",
      "dev": true,
      "requires": {
        "wrappy": "1"
      }
    },
    "parse-semver": {
      "version": "1.1.1",
      "resolved": "http://artifactory.intra.xiaojukeji.com/artifactory/api/npm/npm/parse-semver/-/parse-semver-1.1.1.tgz?dl=https%3A%2F%2Fregistry.npmmirror.com%2Fparse-semver%2F-%2Fparse-semver-1.1.1.tgz",
      "integrity": "sha1-mkr9bfBj3Egm+T+6SpnPIj9mbLg=",
      "dev": true,
      "requires": {
        "semver": "^5.1.0"
      }
    },
    "parse5": {
      "version": "7.1.2",
      "resolved": "http://artifactory.intra.xiaojukeji.com/artifactory/api/npm/npm/parse5/-/parse5-7.1.2.tgz?dl=https%3A%2F%2Fregistry.npmmirror.com%2Fparse5%2F-%2Fparse5-7.1.2.tgz",
      "integrity": "sha1-Bza+u/13eTgjJAojt/xeAQt/jjI=",
      "dev": true,
      "requires": {
        "entities": "^4.4.0"
      }
    },
    "parse5-htmlparser2-tree-adapter": {
      "version": "7.0.0",
      "resolved": "http://artifactory.intra.xiaojukeji.com/artifactory/api/npm/npm/parse5-htmlparser2-tree-adapter/-/parse5-htmlparser2-tree-adapter-7.0.0.tgz?dl=https%3A%2F%2Fregistry.npmmirror.com%2Fparse5-htmlparser2-tree-adapter%2F-%2Fparse5-htmlparser2-tree-adapter-7.0.0.tgz",
      "integrity": "sha1-I8LMIzvPCbt766i4pp1GsIxiwvE=",
      "dev": true,
      "requires": {
        "domhandler": "^5.0.2",
        "parse5": "^7.0.0"
      }
    },
    "path-is-absolute": {
      "version": "1.0.1",
      "resolved": "http://artifactory.intra.xiaojukeji.com/artifactory/api/npm/npm/path-is-absolute/-/path-is-absolute-1.0.1.tgz?dl=https%3A%2F%2Fregistry.npmmirror.com%2Fpath-is-absolute%2F-%2Fpath-is-absolute-1.0.1.tgz",
      "integrity": "sha1-F0uSaHNVNP+8es5r9TpanhtcX18=",
      "dev": true
    },
    "pend": {
      "version": "1.2.0",
      "resolved": "http://artifactory.intra.xiaojukeji.com/artifactory/api/npm/npm/pend/-/pend-1.2.0.tgz?dl=https%3A%2F%2Fregistry.npmmirror.com%2Fpend%2F-%2Fpend-1.2.0.tgz",
      "integrity": "sha1-elfrVQpng/kRUzH89GY9XI4AelA=",
      "dev": true
    },
    "prebuild-install": {
      "version": "7.1.1",
      "resolved": "http://artifactory.intra.xiaojukeji.com/artifactory/api/npm/npm/prebuild-install/-/prebuild-install-7.1.1.tgz?dl=https%3A%2F%2Fregistry.npmmirror.com%2Fprebuild-install%2F-%2Fprebuild-install-7.1.1.tgz",
      "integrity": "sha1-3pfVs0pwoMgTNP0kZB8qFwI1LkU=",
      "dev": true,
      "optional": true,
      "requires": {
        "detect-libc": "^2.0.0",
        "expand-template": "^2.0.3",
        "github-from-package": "0.0.0",
        "minimist": "^1.2.3",
        "mkdirp-classic": "^0.5.3",
        "napi-build-utils": "^1.0.1",
        "node-abi": "^3.3.0",
        "pump": "^3.0.0",
        "rc": "^1.2.7",
        "simple-get": "^4.0.0",
        "tar-fs": "^2.0.0",
        "tunnel-agent": "^0.6.0"
      }
    },
    "pump": {
      "version": "3.0.0",
      "resolved": "http://artifactory.intra.xiaojukeji.com/artifactory/api/npm/npm/pump/-/pump-3.0.0.tgz?dl=https%3A%2F%2Fregistry.npmmirror.com%2Fpump%2F-%2Fpump-3.0.0.tgz",
      "integrity": "sha1-tKIRaBW94vTh6mAjVOjHVWUQemQ=",
      "dev": true,
      "optional": true,
      "requires": {
        "end-of-stream": "^1.1.0",
        "once": "^1.3.1"
      }
    },
    "qs": {
      "version": "6.11.1",
      "resolved": "http://artifactory.intra.xiaojukeji.com/artifactory/api/npm/npm/qs/-/qs-6.11.1.tgz?dl=https%3A%2F%2Fregistry.npmmirror.com%2Fqs%2F-%2Fqs-6.11.1.tgz",
      "integrity": "sha1-bCnf+X8MAGB2WRG6ZcvJdkGGEJ8=",
      "dev": true,
      "requires": {
        "side-channel": "^1.0.4"
      }
    },
    "rc": {
      "version": "1.2.8",
      "resolved": "http://artifactory.intra.xiaojukeji.com/artifactory/api/npm/npm/rc/-/rc-1.2.8.tgz?dl=https%3A%2F%2Fregistry.npmmirror.com%2Frc%2F-%2Frc-1.2.8.tgz",
      "integrity": "sha1-zZJL9SAKB1uDwYjNa54hG3/A0+0=",
      "dev": true,
      "optional": true,
      "requires": {
        "deep-extend": "^0.6.0",
        "ini": "~1.3.0",
        "minimist": "^1.2.0",
        "strip-json-comments": "~2.0.1"
      }
    },
    "read": {
      "version": "1.0.7",
      "resolved": "http://artifactory.intra.xiaojukeji.com/artifactory/api/npm/npm/read/-/read-1.0.7.tgz?dl=https%3A%2F%2Fregistry.npmmirror.com%2Fread%2F-%2Fread-1.0.7.tgz",
      "integrity": "sha1-s9oZvQUkMal2cdRKQmNK33ELQMQ=",
      "dev": true,
      "requires": {
        "mute-stream": "~0.0.4"
      }
    },
    "readable-stream": {
      "version": "3.6.2",
      "resolved": "http://artifactory.intra.xiaojukeji.com/artifactory/api/npm/npm/readable-stream/-/readable-stream-3.6.2.tgz?dl=https%3A%2F%2Fregistry.npmmirror.com%2Freadable-stream%2F-%2Freadable-stream-3.6.2.tgz",
      "integrity": "sha1-VqmzbqllwAxak+8x6xEaDxEFaWc=",
      "dev": true,
      "optional": true,
      "requires": {
        "inherits": "^2.0.3",
        "string_decoder": "^1.1.1",
        "util-deprecate": "^1.0.1"
      }
    },
    "rimraf": {
      "version": "3.0.2",
      "resolved": "http://artifactory.intra.xiaojukeji.com/artifactory/api/npm/npm/rimraf/-/rimraf-3.0.2.tgz?dl=https%3A%2F%2Fregistry.npmmirror.com%2Frimraf%2F-%2Frimraf-3.0.2.tgz",
      "integrity": "sha1-8aVAK6YiCtUswSgrrBrjqkn9Bho=",
      "dev": true,
      "requires": {
        "glob": "^7.1.3"
      }
    },
    "safe-buffer": {
      "version": "5.2.1",
      "resolved": "http://artifactory.intra.xiaojukeji.com/artifactory/api/npm/npm/safe-buffer/-/safe-buffer-5.2.1.tgz?dl=https%3A%2F%2Fregistry.npmmirror.com%2Fsafe-buffer%2F-%2Fsafe-buffer-5.2.1.tgz",
      "integrity": "sha1-Hq+fqb2x/dTsdfWPnNtOa3gn7sY=",
      "dev": true,
      "optional": true
    },
    "sax": {
      "version": "1.2.4",
      "resolved": "http://artifactory.intra.xiaojukeji.com/artifactory/api/npm/npm/sax/-/sax-1.2.4.tgz?dl=https%3A%2F%2Fregistry.npmmirror.com%2Fsax%2F-%2Fsax-1.2.4.tgz",
      "integrity": "sha1-KBYjTiN4vdxOU1T6tcqold9xANk=",
      "dev": true
    },
    "semver": {
      "version": "5.7.1",
      "resolved": "http://artifactory.intra.xiaojukeji.com/artifactory/api/npm/npm/semver/-/semver-5.7.1.tgz?dl=https%3A%2F%2Fregistry.npmmirror.com%2Fsemver%2F-%2Fsemver-5.7.1.tgz",
      "integrity": "sha1-qVT5Ma66UI0we78Gnv8MAclhFvc=",
      "dev": true
    },
    "side-channel": {
      "version": "1.0.4",
      "resolved": "http://artifactory.intra.xiaojukeji.com/artifactory/api/npm/npm/side-channel/-/side-channel-1.0.4.tgz?dl=https%3A%2F%2Fregistry.npmmirror.com%2Fside-channel%2F-%2Fside-channel-1.0.4.tgz",
      "integrity": "sha1-785cj9wQTudRslxY1CkAEfpeos8=",
      "dev": true,
      "requires": {
        "call-bind": "^1.0.0",
        "get-intrinsic": "^1.0.2",
        "object-inspect": "^1.9.0"
      }
    },
    "simple-concat": {
      "version": "1.0.1",
      "resolved": "http://artifactory.intra.xiaojukeji.com/artifactory/api/npm/npm/simple-concat/-/simple-concat-1.0.1.tgz?dl=https%3A%2F%2Fregistry.npmmirror.com%2Fsimple-concat%2F-%2Fsimple-concat-1.0.1.tgz",
      "integrity": "sha1-9Gl2CCujXCJj8cirXt/ibEHJVS8=",
      "dev": true,
      "optional": true
    },
    "simple-get": {
      "version": "4.0.1",
      "resolved": "http://artifactory.intra.xiaojukeji.com/artifactory/api/npm/npm/simple-get/-/simple-get-4.0.1.tgz?dl=https%3A%2F%2Fregistry.npmmirror.com%2Fsimple-get%2F-%2Fsimple-get-4.0.1.tgz",
      "integrity": "sha1-SjnbVJKHyXnTUhEvoD/Zn9a8NUM=",
      "dev": true,
      "optional": true,
      "requires": {
        "decompress-response": "^6.0.0",
        "once": "^1.3.1",
        "simple-concat": "^1.0.0"
      }
    },
    "string_decoder": {
      "version": "1.3.0",
      "resolved": "http://artifactory.intra.xiaojukeji.com/artifactory/api/npm/npm/string_decoder/-/string_decoder-1.3.0.tgz?dl=https%3A%2F%2Fregistry.npmmirror.com%2Fstring_decoder%2F-%2Fstring_decoder-1.3.0.tgz",
      "integrity": "sha1-QvEUWUpGzxqOMLCoT1bHjD7awh4=",
      "dev": true,
      "optional": true,
      "requires": {
        "safe-buffer": "~5.2.0"
      }
    },
    "strip-json-comments": {
      "version": "2.0.1",
      "resolved": "http://artifactory.intra.xiaojukeji.com/artifactory/api/npm/npm/strip-json-comments/-/strip-json-comments-2.0.1.tgz?dl=https%3A%2F%2Fregistry.npmmirror.com%2Fstrip-json-comments%2F-%2Fstrip-json-comments-2.0.1.tgz",
      "integrity": "sha1-PFMZQukIwml8DsNEhYwobHygpgo=",
      "dev": true,
      "optional": true
    },
    "supports-color": {
      "version": "5.5.0",
      "resolved": "http://artifactory.intra.xiaojukeji.com/artifactory/api/npm/npm/supports-color/-/supports-color-5.5.0.tgz?dl=https%3A%2F%2Fregistry.npmmirror.com%2Fsupports-color%2F-%2Fsupports-color-5.5.0.tgz",
      "integrity": "sha1-4uaaRKyHcveKHsCzW2id9lMO/I8=",
      "dev": true,
      "requires": {
        "has-flag": "^3.0.0"
      }
    },
    "tar-fs": {
      "version": "2.1.1",
      "resolved": "http://artifactory.intra.xiaojukeji.com/artifactory/api/npm/npm/tar-fs/-/tar-fs-2.1.1.tgz?dl=https%3A%2F%2Fregistry.npmmirror.com%2Ftar-fs%2F-%2Ftar-fs-2.1.1.tgz",
      "integrity": "sha1-SJoVq4Xx8L76uzcLfeT561y+h4Q=",
      "dev": true,
      "optional": true,
      "requires": {
        "chownr": "^1.1.1",
        "mkdirp-classic": "^0.5.2",
        "pump": "^3.0.0",
        "tar-stream": "^2.1.4"
      }
    },
    "tar-stream": {
      "version": "2.2.0",
      "resolved": "http://artifactory.intra.xiaojukeji.com/artifactory/api/npm/npm/tar-stream/-/tar-stream-2.2.0.tgz?dl=https%3A%2F%2Fregistry.npmmirror.com%2Ftar-stream%2F-%2Ftar-stream-2.2.0.tgz",
      "integrity": "sha1-rK2EwoQTawYNw/qmRHSqmuvXcoc=",
      "dev": true,
      "optional": true,
      "requires": {
        "bl": "^4.0.3",
        "end-of-stream": "^1.4.1",
        "fs-constants": "^1.0.0",
        "inherits": "^2.0.3",
        "readable-stream": "^3.1.1"
      }
    },
    "tmp": {
      "version": "0.2.1",
      "resolved": "http://artifactory.intra.xiaojukeji.com/artifactory/api/npm/npm/tmp/-/tmp-0.2.1.tgz?dl=https%3A%2F%2Fregistry.npmmirror.com%2Ftmp%2F-%2Ftmp-0.2.1.tgz",
      "integrity": "sha1-hFf8MDfc9HGcJRNnoa9lAO4czxQ=",
      "dev": true,
      "requires": {
        "rimraf": "^3.0.0"
      }
    },
    "tunnel": {
      "version": "0.0.6",
      "resolved": "http://artifactory.intra.xiaojukeji.com/artifactory/api/npm/npm/tunnel/-/tunnel-0.0.6.tgz?dl=https%3A%2F%2Fregistry.npmmirror.com%2Ftunnel%2F-%2Ftunnel-0.0.6.tgz",
      "integrity": "sha1-cvExSzSlsZLbASMk3yzFh8pH+Sw=",
      "dev": true
    },
    "tunnel-agent": {
      "version": "0.6.0",
      "resolved": "http://artifactory.intra.xiaojukeji.com/artifactory/api/npm/npm/tunnel-agent/-/tunnel-agent-0.6.0.tgz?dl=https%3A%2F%2Fregistry.npmmirror.com%2Ftunnel-agent%2F-%2Ftunnel-agent-0.6.0.tgz",
      "integrity": "sha1-J6XeoGs2sEoKmWZ3SykIaPD8QP0=",
      "dev": true,
      "optional": true,
      "requires": {
        "safe-buffer": "^5.0.1"
      }
    },
    "typed-rest-client": {
      "version": "1.8.9",
      "resolved": "http://artifactory.intra.xiaojukeji.com/artifactory/api/npm/npm/typed-rest-client/-/typed-rest-client-1.8.9.tgz?dl=https%3A%2F%2Fregistry.npmmirror.com%2Ftyped-rest-client%2F-%2Ftyped-rest-client-1.8.9.tgz",
      "integrity": "sha1-5WAia8rf5xsPtcQWtYf42juPktg=",
      "dev": true,
      "requires": {
        "qs": "^6.9.1",
        "tunnel": "0.0.6",
        "underscore": "^1.12.1"
      }
    },
    "typescript": {
      "version": "3.9.3",
      "resolved": "https://registry.npmjs.org/typescript/-/typescript-3.9.3.tgz",
      "integrity": "sha512-D/wqnB2xzNFIcoBG9FG8cXRDjiqSTbG2wd8DMZeQyJlP1vfTkIxH4GKveWaEBYySKIg+USu+E+EDIR47SqnaMQ==",
      "dev": true
    },
    "uc.micro": {
      "version": "1.0.6",
      "resolved": "http://artifactory.intra.xiaojukeji.com/artifactory/api/npm/npm/uc.micro/-/uc.micro-1.0.6.tgz?dl=https%3A%2F%2Fregistry.npmmirror.com%2Fuc.micro%2F-%2Fuc.micro-1.0.6.tgz",
      "integrity": "sha1-nEEagCpAmpH8bPdAgbq6NLJEmaw=",
      "dev": true
    },
    "underscore": {
      "version": "1.13.6",
      "resolved": "http://artifactory.intra.xiaojukeji.com/artifactory/api/npm/npm/underscore/-/underscore-1.13.6.tgz?dl=https%3A%2F%2Fregistry.npmmirror.com%2Funderscore%2F-%2Funderscore-1.13.6.tgz",
      "integrity": "sha1-BHhqH1idxsCfdh/F9FuJ6TUTZEE=",
      "dev": true
    },
    "url-join": {
      "version": "4.0.1",
      "resolved": "http://artifactory.intra.xiaojukeji.com/artifactory/api/npm/npm/url-join/-/url-join-4.0.1.tgz?dl=https%3A%2F%2Fregistry.npmmirror.com%2Furl-join%2F-%2Furl-join-4.0.1.tgz",
      "integrity": "sha1-tkLiGiZGgI/6F4xMX9o5hE4Szec=",
      "dev": true
    },
    "util-deprecate": {
      "version": "1.0.2",
      "resolved": "http://artifactory.intra.xiaojukeji.com/artifactory/api/npm/npm/util-deprecate/-/util-deprecate-1.0.2.tgz?dl=https%3A%2F%2Fregistry.npmmirror.com%2Futil-deprecate%2F-%2Futil-deprecate-1.0.2.tgz",
      "integrity": "sha1-RQ1Nyfpw3nMnYvvS1KKJgUGaDM8=",
      "dev": true,
      "optional": true
    },
    "wrappy": {
      "version": "1.0.2",
      "resolved": "http://artifactory.intra.xiaojukeji.com/artifactory/api/npm/npm/wrappy/-/wrappy-1.0.2.tgz?dl=https%3A%2F%2Fregistry.npmmirror.com%2Fwrappy%2F-%2Fwrappy-1.0.2.tgz",
      "integrity": "sha1-tSQ9jz7BqjXxNkYFvA0QNuMKtp8=",
      "dev": true
    },
    "xml2js": {
      "version": "0.5.0",
      "resolved": "http://artifactory.intra.xiaojukeji.com/artifactory/api/npm/npm/xml2js/-/xml2js-0.5.0.tgz?dl=https%3A%2F%2Fregistry.npmmirror.com%2Fxml2js%2F-%2Fxml2js-0.5.0.tgz",
      "integrity": "sha1-2UQGMfuy7YACA/rRBvJyT2LEk7c=",
      "dev": true,
      "requires": {
        "sax": ">=0.6.0",
        "xmlbuilder": "~11.0.0"
      }
    },
    "xmlbuilder": {
      "version": "11.0.1",
      "resolved": "http://artifactory.intra.xiaojukeji.com/artifactory/api/npm/npm/xmlbuilder/-/xmlbuilder-11.0.1.tgz?dl=https%3A%2F%2Fregistry.npmmirror.com%2Fxmlbuilder%2F-%2Fxmlbuilder-11.0.1.tgz",
      "integrity": "sha1-vpuuHIoEbnazESdyY0fQrXACvrM=",
      "dev": true
    },
    "yallist": {
      "version": "4.0.0",
      "resolved": "http://artifactory.intra.xiaojukeji.com/artifactory/api/npm/npm/yallist/-/yallist-4.0.0.tgz?dl=https%3A%2F%2Fregistry.npmmirror.com%2Fyallist%2F-%2Fyallist-4.0.0.tgz",
      "integrity": "sha1-m7knkNnA7/7GO+c1GeEaNQGaOnI=",
      "dev": true
    },
    "yauzl": {
      "version": "2.10.0",
      "resolved": "http://artifactory.intra.xiaojukeji.com/artifactory/api/npm/npm/yauzl/-/yauzl-2.10.0.tgz?dl=https%3A%2F%2Fregistry.npmmirror.com%2Fyauzl%2F-%2Fyauzl-2.10.0.tgz",
      "integrity": "sha1-x+sXyT4RLLEIb6bY5R+wZnt5pfk=",
      "dev": true,
      "requires": {
        "buffer-crc32": "~0.2.3",
        "fd-slicer": "~1.1.0"
      }
    },
    "yazl": {
      "version": "2.5.1",
      "resolved": "http://artifactory.intra.xiaojukeji.com/artifactory/api/npm/npm/yazl/-/yazl-2.5.1.tgz?dl=https%3A%2F%2Fregistry.npmmirror.com%2Fyazl%2F-%2Fyazl-2.5.1.tgz",
      "integrity": "sha1-o9ZdPdZZpbCTeFDoYJ8i//orXDU=",
      "dev": true,
      "requires": {
        "buffer-crc32": "~0.2.3"
      }
    }
  }
}
